
Microsoft Visual Studio Solution File, Format Version 12.00
# Visual Studio 2013
VisualStudioVersion = 12.0.31101.0
MinimumVisualStudioVersion = 10.0.40219.1
Project("{FAE04EC0-301F-11D3-BF4B-00C04F79EFBC}") = "Backend_Cadastro_Pesquisa", "Backend_Cadastro_Pesquisa\Backend_Cadastro_Pesquisa.csproj", "{E79E0BF4-3C78-444A-9201-52863FB6373B}"
EndProject
Project("{FAE04EC0-301F-11D3-BF4B-00C04F79EFBC}") = "Backend_Cadastro_Pesquisa.Tests", "Backend_Cadastro_Pesquisa.Tests\Backend_Cadastro_Pesquisa.Tests.csproj", "{532DE5CD-A829-4292-8B47-763E779C39CA}"
EndProject
Project("{FAE04EC0-301F-11D3-BF4B-00C04F79EFBC}") = "Cadastro.Pesquisa.Business", "Cadastro.Pesquisa.Business\Cadastro.Pesquisa.Business.csproj", "{2D4CD6EA-27C5-435F-8509-18054B1006DE}"
EndProject
Project("{FAE04EC0-301F-11D3-BF4B-00C04F79EFBC}") = "Cadastro.Pesquisa.Repositorio.NHibernate", "Cadastro.Pesquisa.Repositorio\Cadastro.Pesquisa.Repositorio.NHibernate.csproj", "{E7EE1BC8-47CB-4D69-9577-506DD43A89C7}"
EndProject
Project("{FAE04EC0-301F-11D3-BF4B-00C04F79EFBC}") = "Cadastro.Pesquisa.Repositorio.Contratos", "Cadastro.Pesquisa.Repositorio.Contratos\Cadastro.Pesquisa.Repositorio.Contratos.csproj", "{033C1EC9-E30F-4CC7-B74D-CB8407514E3D}"
EndProject
Project("{FAE04EC0-301F-11D3-BF4B-00C04F79EFBC}") = "Cadastro.Pesquisa.Services.Contratos", "Cadastro.Pesquisa.Services.TaskService.Contratos\Cadastro.Pesquisa.Services.Contratos.csproj", "{D43A2E48-5615-43ED-BE5D-B9CBEB31584F}"
EndProject
Project("{FAE04EC0-301F-11D3-BF4B-00C04F79EFBC}") = "Cadastro.Pesquisa.Services.Contratos.DTO", "Cadastro.Pesquisa.Services.Contratos\Cadastro.Pesquisa.Services.Contratos.DTO.csproj", "{9E3620D1-87F0-4E7E-9F99-5D4E0607E3C9}"
EndProject
Project("{FAE04EC0-301F-11D3-BF4B-00C04F79EFBC}") = "Cadastro.Pesquisa.Service.Impl", "Cadastro.Pesquisa.Service.Impl\Cadastro.Pesquisa.Service.Impl.csproj", "{1DBE6880-A653-405C-8996-73390D82DF37}"
EndProject
Project("{FAE04EC0-301F-11D3-BF4B-00C04F79EFBC}") = "Cadastro.Pesquisa.Service.Adapters", "Cadastro.Pesquisa.Service.Adapters\Cadastro.Pesquisa.Service.Adapters.csproj", "{90F3CA05-D87F-42F5-A907-E818A047D9B4}"
EndProject
Project("{FAE04EC0-301F-11D3-BF4B-00C04F79EFBC}") = "Cadastro.Pesquisa.Infraestrutura", "Cadastro.Pesquisa.Infraestrutura\Cadastro.Pesquisa.Infraestrutura.csproj", "{EA810CF9-2B64-4EB9-8D10-1FA12D7A6648}"
EndProject
Project("{FAE04EC0-301F-11D3-BF4B-00C04F79EFBC}") = "Cadastro.Pesquisa.WepApi", "Cadastro.Pesquisa.WepApi\Cadastro.Pesquisa.WepApi.csproj", "{D31EAE6D-7B2A-4B71-A224-05687F1F0831}"
EndProject
Global
	GlobalSection(SolutionConfigurationPlatforms) = preSolution
		Debug|Any CPU = Debug|Any CPU
		Release|Any CPU = Release|Any CPU
	EndGlobalSection
	GlobalSection(ProjectConfigurationPlatforms) = postSolution
		{E79E0BF4-3C78-444A-9201-52863FB6373B}.Debug|Any CPU.ActiveCfg = Debug|Any CPU
		{E79E0BF4-3C78-444A-9201-52863FB6373B}.Debug|Any CPU.Build.0 = Debug|Any CPU
		{E79E0BF4-3C78-444A-9201-52863FB6373B}.Release|Any CPU.ActiveCfg = Release|Any CPU
		{E79E0BF4-3C78-444A-9201-52863FB6373B}.Release|Any CPU.Build.0 = Release|Any CPU
		{532DE5CD-A829-4292-8B47-763E779C39CA}.Debug|Any CPU.ActiveCfg = Debug|Any CPU
		{532DE5CD-A829-4292-8B47-763E779C39CA}.Debug|Any CPU.Build.0 = Debug|Any CPU
		{532DE5CD-A829-4292-8B47-763E779C39CA}.Release|Any CPU.ActiveCfg = Release|Any CPU
		{532DE5CD-A829-4292-8B47-763E779C39CA}.Release|Any CPU.Build.0 = Release|Any CPU
		{2D4CD6EA-27C5-435F-8509-18054B1006DE}.Debug|Any CPU.ActiveCfg = Debug|Any CPU
		{2D4CD6EA-27C5-435F-8509-18054B1006DE}.Debug|Any CPU.Build.0 = Debug|Any CPU
		{2D4CD6EA-27C5-435F-8509-18054B1006DE}.Release|Any CPU.ActiveCfg = Release|Any CPU
		{2D4CD6EA-27C5-435F-8509-18054B1006DE}.Release|Any CPU.Build.0 = Release|Any CPU
		{E7EE1BC8-47CB-4D69-9577-506DD43A89C7}.Debug|Any CPU.ActiveCfg = Debug|Any CPU
		{E7EE1BC8-47CB-4D69-9577-506DD43A89C7}.Debug|Any CPU.Build.0 = Debug|Any CPU
		{E7EE1BC8-47CB-4D69-9577-506DD43A89C7}.Release|Any CPU.ActiveCfg = Release|Any CPU
		{E7EE1BC8-47CB-4D69-9577-506DD43A89C7}.Release|Any CPU.Build.0 = Release|Any CPU
		{033C1EC9-E30F-4CC7-B74D-CB8407514E3D}.Debug|Any CPU.ActiveCfg = Debug|Any CPU
		{033C1EC9-E30F-4CC7-B74D-CB8407514E3D}.Debug|Any CPU.Build.0 = Debug|Any CPU
		{033C1EC9-E30F-4CC7-B74D-CB8407514E3D}.Release|Any CPU.ActiveCfg = Release|Any CPU
		{033C1EC9-E30F-4CC7-B74D-CB8407514E3D}.Release|Any CPU.Build.0 = Release|Any CPU
		{D43A2E48-5615-43ED-BE5D-B9CBEB31584F}.Debug|Any CPU.ActiveCfg = Debug|Any CPU
		{D43A2E48-5615-43ED-BE5D-B9CBEB31584F}.Debug|Any CPU.Build.0 = Debug|Any CPU
		{D43A2E48-5615-43ED-BE5D-B9CBEB31584F}.Release|Any CPU.ActiveCfg = Release|Any CPU
		{D43A2E48-5615-43ED-BE5D-B9CBEB31584F}.Release|Any CPU.Build.0 = Release|Any CPU
		{9E3620D1-87F0-4E7E-9F99-5D4E0607E3C9}.Debug|Any CPU.ActiveCfg = Debug|Any CPU
		{9E3620D1-87F0-4E7E-9F99-5D4E0607E3C9}.Debug|Any CPU.Build.0 = Debug|Any CPU
		{9E3620D1-87F0-4E7E-9F99-5D4E0607E3C9}.Release|Any CPU.ActiveCfg = Release|Any CPU
		{9E3620D1-87F0-4E7E-9F99-5D4E0607E3C9}.Release|Any CPU.Build.0 = Release|Any CPU
		{1DBE6880-A653-405C-8996-73390D82DF37}.Debug|Any CPU.ActiveCfg = Debug|Any CPU
		{1DBE6880-A653-405C-8996-73390D82DF37}.Debug|Any CPU.Build.0 = Debug|Any CPU
		{1DBE6880-A653-405C-8996-73390D82DF37}.Release|Any CPU.ActiveCfg = Release|Any CPU
		{1DBE6880-A653-405C-8996-73390D82DF37}.Release|Any CPU.Build.0 = Release|Any CPU
		{90F3CA05-D87F-42F5-A907-E818A047D9B4}.Debug|Any CPU.ActiveCfg = Debug|Any CPU
		{90F3CA05-D87F-42F5-A907-E818A047D9B4}.Debug|Any CPU.Build.0 = Debug|Any CPU
		{90F3CA05-D87F-42F5-A907-E818A047D9B4}.Release|Any CPU.ActiveCfg = Release|Any CPU
		{90F3CA05-D87F-42F5-A907-E818A047D9B4}.Release|Any CPU.Build.0 = Release|Any CPU
		{EA810CF9-2B64-4EB9-8D10-1FA12D7A6648}.Debug|Any CPU.ActiveCfg = Debug|Any CPU
		{EA810CF9-2B64-4EB9-8D10-1FA12D7A6648}.Debug|Any CPU.Build.0 = Debug|Any CPU
		{EA810CF9-2B64-4EB9-8D10-1FA12D7A6648}.Release|Any CPU.ActiveCfg = Release|Any CPU
		{EA810CF9-2B64-4EB9-8D10-1FA12D7A6648}.Release|Any CPU.Build.0 = Release|Any CPU
		{D31EAE6D-7B2A-4B71-A224-05687F1F0831}.Debug|Any CPU.ActiveCfg = Debug|Any CPU
		{D31EAE6D-7B2A-4B71-A224-05687F1F0831}.Debug|Any CPU.Build.0 = Debug|Any CPU
		{D31EAE6D-7B2A-4B71-A224-05687F1F0831}.Release|Any CPU.ActiveCfg = Release|Any CPU
		{D31EAE6D-7B2A-4B71-A224-05687F1F0831}.Release|Any CPU.Build.0 = Release|Any CPU
	EndGlobalSection
	GlobalSection(SolutionProperties) = preSolution
		HideSolutionNode = FALSE
	EndGlobalSection
EndGlobal
